
Microsoft Visual Studio Solution File, Format Version 12.00
# Visual Studio Version 17
VisualStudioVersion = 17.9.34701.34
MinimumVisualStudioVersion = 10.0.40219.1
Project("{FAE04EC0-301F-11D3-BF4B-00C04F79EFBC}") = "SystemTracker", "SystemTracker\SystemTracker.csproj", "{0E5FA3C8-629E-4E77-A29C-1AD66B759BE1}"
EndProject
Global
	GlobalSection(SolutionConfigurationPlatforms) = preSolution
		Debug|Any CPU = Debug|Any CPU
		Release|Any CPU = Release|Any CPU
	EndGlobalSection
	GlobalSection(ProjectConfigurationPlatforms) = postSolution
		{0E5FA3C8-629E-4E77-A29C-1AD66B759BE1}.Debug|Any CPU.ActiveCfg = Debug|Any CPU
		{0E5FA3C8-629E-4E77-A29C-1AD66B759BE1}.Debug|Any CPU.Build.0 = Debug|Any CPU
		{0E5FA3C8-629E-4E77-A29C-1AD66B759BE1}.Release|Any CPU.ActiveCfg = Release|Any CPU
		{0E5FA3C8-629E-4E77-A29C-1AD66B759BE1}.Release|Any CPU.Build.0 = Release|Any CPU
	EndGlobalSection
	GlobalSection(SolutionProperties) = preSolution
		HideSolutionNode = FALSE
	EndGlobalSection
	GlobalSection(ExtensibilityGlobals) = postSolution
		SolutionGuid = {8FD82EE0-DE4E-470B-A990-4CDF8F65CB60}
	EndGlobalSection
EndGlobal
